// !$*UTF8*$!
{
	archiveVersion = 1;
	classes = {
	};
	objectVersion = 50;
	objects = {

/* Begin PBXBuildFile section */
		BB486CEF2794824700813CF4 /* USBBackend.swift in Sources */ = {isa = PBXBuildFile; fileRef = BB486CEE2794824700813CF4 /* USBBackend.swift */; };
		BB537D00279EE53800B326BE /* TegraDevice.swift in Sources */ = {isa = PBXBuildFile; fileRef = BB537CFF279EE53800B326BE /* TegraDevice.swift */; };
		BB537D02279EE81900B326BE /* USBDevice.swift in Sources */ = {isa = PBXBuildFile; fileRef = BB537D01279EE81900B326BE /* USBDevice.swift */; };
		BB6AA91923AE35C4000DF6C5 /* SaveSystem.swift in Sources */ = {isa = PBXBuildFile; fileRef = BB6AA91823AE35C4000DF6C5 /* SaveSystem.swift */; };
		BB6AA91B23AE35D2000DF6C5 /* PayloadObj.swift in Sources */ = {isa = PBXBuildFile; fileRef = BB6AA91A23AE35D2000DF6C5 /* PayloadObj.swift */; };
		BB9867FA23ABCD860058F6F8 /* AppDelegate.swift in Sources */ = {isa = PBXBuildFile; fileRef = BB9867F923ABCD860058F6F8 /* AppDelegate.swift */; };
		BB9867FC23ABCD860058F6F8 /* ViewController.swift in Sources */ = {isa = PBXBuildFile; fileRef = BB9867FB23ABCD860058F6F8 /* ViewController.swift */; };
		BB9867FE23ABCD870058F6F8 /* Assets.xcassets in Resources */ = {isa = PBXBuildFile; fileRef = BB9867FD23ABCD870058F6F8 /* Assets.xcassets */; };
		BB98680123ABCD870058F6F8 /* Main.storyboard in Resources */ = {isa = PBXBuildFile; fileRef = BB9867FF23ABCD870058F6F8 /* Main.storyboard */; };
		BBD25387279E1B8A00FD6621 /* USBUtils.swift in Sources */ = {isa = PBXBuildFile; fileRef = BBD25386279E1B8A00FD6621 /* USBUtils.swift */; };
		BBD25389279E1B9500FD6621 /* USBConstants.swift in Sources */ = {isa = PBXBuildFile; fileRef = BBD25388279E1B9500FD6621 /* USBConstants.swift */; };
/* End PBXBuildFile section */

/* Begin PBXFileReference section */
		BB486CEE2794824700813CF4 /* USBBackend.swift */ = {isa = PBXFileReference; lastKnownFileType = sourcecode.swift; path = USBBackend.swift; sourceTree = "<group>"; };
		BB537CFF279EE53800B326BE /* TegraDevice.swift */ = {isa = PBXFileReference; lastKnownFileType = sourcecode.swift; path = TegraDevice.swift; sourceTree = "<group>"; };
		BB537D01279EE81900B326BE /* USBDevice.swift */ = {isa = PBXFileReference; lastKnownFileType = sourcecode.swift; path = USBDevice.swift; sourceTree = "<group>"; };
		BB6AA91823AE35C4000DF6C5 /* SaveSystem.swift */ = {isa = PBXFileReference; lastKnownFileType = sourcecode.swift; path = SaveSystem.swift; sourceTree = "<group>"; };
		BB6AA91A23AE35D2000DF6C5 /* PayloadObj.swift */ = {isa = PBXFileReference; lastKnownFileType = sourcecode.swift; path = PayloadObj.swift; sourceTree = "<group>"; };
		BB9867F623ABCD860058F6F8 /* macNXLauncher.app */ = {isa = PBXFileReference; explicitFileType = wrapper.application; includeInIndex = 0; path = macNXLauncher.app; sourceTree = BUILT_PRODUCTS_DIR; };
		BB9867F923ABCD860058F6F8 /* AppDelegate.swift */ = {isa = PBXFileReference; lastKnownFileType = sourcecode.swift; path = AppDelegate.swift; sourceTree = "<group>"; };
		BB9867FB23ABCD860058F6F8 /* ViewController.swift */ = {isa = PBXFileReference; lastKnownFileType = sourcecode.swift; path = ViewController.swift; sourceTree = "<group>"; };
		BB9867FD23ABCD870058F6F8 /* Assets.xcassets */ = {isa = PBXFileReference; lastKnownFileType = folder.assetcatalog; path = Assets.xcassets; sourceTree = "<group>"; };
		BB98680023ABCD870058F6F8 /* Base */ = {isa = PBXFileReference; lastKnownFileType = file.storyboard; name = Base; path = Base.lproj/Main.storyboard; sourceTree = "<group>"; };
		BB98680223ABCD870058F6F8 /* Info.plist */ = {isa = PBXFileReference; lastKnownFileType = text.plist.xml; path = Info.plist; sourceTree = "<group>"; };
		BB98680323ABCD870058F6F8 /* macNXLauncher.entitlements */ = {isa = PBXFileReference; lastKnownFileType = text.plist.entitlements; path = macNXLauncher.entitlements; sourceTree = "<group>"; };
		BBD25386279E1B8A00FD6621 /* USBUtils.swift */ = {isa = PBXFileReference; lastKnownFileType = sourcecode.swift; path = USBUtils.swift; sourceTree = "<group>"; };
		BBD25388279E1B9500FD6621 /* USBConstants.swift */ = {isa = PBXFileReference; lastKnownFileType = sourcecode.swift; path = USBConstants.swift; sourceTree = "<group>"; };
/* End PBXFileReference section */

/* Begin PBXFrameworksBuildPhase section */
		BB9867F323ABCD860058F6F8 /* Frameworks */ = {
			isa = PBXFrameworksBuildPhase;
			buildActionMask = 2147483647;
			files = (
			);
			runOnlyForDeploymentPostprocessing = 0;
		};
/* End PBXFrameworksBuildPhase section */

/* Begin PBXGroup section */
		BB9867ED23ABCD860058F6F8 = {
			isa = PBXGroup;
			children = (
				BB9867F823ABCD860058F6F8 /* macNXLauncher */,
				BB9867F723ABCD860058F6F8 /* Products */,
			);
			sourceTree = "<group>";
		};
		BB9867F723ABCD860058F6F8 /* Products */ = {
			isa = PBXGroup;
			children = (
				BB9867F623ABCD860058F6F8 /* macNXLauncher.app */,
			);
			name = Products;
			sourceTree = "<group>";
		};
		BB9867F823ABCD860058F6F8 /* macNXLauncher */ = {
			isa = PBXGroup;
			children = (
				BBD25385279E1B1100FD6621 /* NXUSBLib */,
				BB9867F923ABCD860058F6F8 /* AppDelegate.swift */,
				BB9867FB23ABCD860058F6F8 /* ViewController.swift */,
				BB6AA91823AE35C4000DF6C5 /* SaveSystem.swift */,
				BB6AA91A23AE35D2000DF6C5 /* PayloadObj.swift */,
				BB9867FD23ABCD870058F6F8 /* Assets.xcassets */,
				BB9867FF23ABCD870058F6F8 /* Main.storyboard */,
				BB98680223ABCD870058F6F8 /* Info.plist */,
				BB98680323ABCD870058F6F8 /* macNXLauncher.entitlements */,
			);
			path = macNXLauncher;
			sourceTree = "<group>";
		};
		BBD25385279E1B1100FD6621 /* NXUSBLib */ = {
			isa = PBXGroup;
			children = (
				BB486CEE2794824700813CF4 /* USBBackend.swift */,
				BBD25386279E1B8A00FD6621 /* USBUtils.swift */,
				BBD25388279E1B9500FD6621 /* USBConstants.swift */,
				BB537CFF279EE53800B326BE /* TegraDevice.swift */,
				BB537D01279EE81900B326BE /* USBDevice.swift */,
			);
			path = NXUSBLib;
			sourceTree = "<group>";
		};
/* End PBXGroup section */

/* Begin PBXNativeTarget section */
		BB9867F523ABCD860058F6F8 /* macNXLauncher */ = {
			isa = PBXNativeTarget;
			buildConfigurationList = BB98680623ABCD870058F6F8 /* Build configuration list for PBXNativeTarget "macNXLauncher" */;
			buildPhases = (
				BB9867F223ABCD860058F6F8 /* Sources */,
				BB9867F323ABCD860058F6F8 /* Frameworks */,
				BB9867F423ABCD860058F6F8 /* Resources */,
			);
			buildRules = (
			);
			dependencies = (
			);
			name = macNXLauncher;
			packageProductDependencies = (
			);
			productName = macNXLauncher;
			productReference = BB9867F623ABCD860058F6F8 /* macNXLauncher.app */;
			productType = "com.apple.product-type.application";
		};
/* End PBXNativeTarget section */

/* Begin PBXProject section */
		BB9867EE23ABCD860058F6F8 /* Project object */ = {
			isa = PBXProject;
			attributes = {
				LastSwiftUpdateCheck = 1100;
				LastUpgradeCheck = 1100;
				ORGANIZATIONNAME = "Kaan Uyumaz";
				TargetAttributes = {
					BB9867F523ABCD860058F6F8 = {
						CreatedOnToolsVersion = 11.0;
					};
				};
			};
			buildConfigurationList = BB9867F123ABCD860058F6F8 /* Build configuration list for PBXProject "macNXLauncher" */;
			compatibilityVersion = "Xcode 9.3";
			developmentRegion = en;
			hasScannedForEncodings = 0;
			knownRegions = (
				en,
				Base,
			);
			mainGroup = BB9867ED23ABCD860058F6F8;
			packageReferences = (
			);
			productRefGroup = BB9867F723ABCD860058F6F8 /* Products */;
			projectDirPath = "";
			projectRoot = "";
			targets = (
				BB9867F523ABCD860058F6F8 /* macNXLauncher */,
			);
		};
/* End PBXProject section */

/* Begin PBXResourcesBuildPhase section */
		BB9867F423ABCD860058F6F8 /* Resources */ = {
			isa = PBXResourcesBuildPhase;
			buildActionMask = 2147483647;
			files = (
				BB9867FE23ABCD870058F6F8 /* Assets.xcassets in Resources */,
				BB98680123ABCD870058F6F8 /* Main.storyboard in Resources */,
			);
			runOnlyForDeploymentPostprocessing = 0;
		};
/* End PBXResourcesBuildPhase section */

/* Begin PBXSourcesBuildPhase section */
		BB9867F223ABCD860058F6F8 /* Sources */ = {
			isa = PBXSourcesBuildPhase;
			buildActionMask = 2147483647;
			files = (
				BB9867FC23ABCD860058F6F8 /* ViewController.swift in Sources */,
				BB486CEF2794824700813CF4 /* USBBackend.swift in Sources */,
				BB6AA91B23AE35D2000DF6C5 /* PayloadObj.swift in Sources */,
				BBD25387279E1B8A00FD6621 /* USBUtils.swift in Sources */,
				BBD25389279E1B9500FD6621 /* USBConstants.swift in Sources */,
				BB537D02279EE81900B326BE /* USBDevice.swift in Sources */,
				BB9867FA23ABCD860058F6F8 /* AppDelegate.swift in Sources */,
				BB537D00279EE53800B326BE /* TegraDevice.swift in Sources */,
				BB6AA91923AE35C4000DF6C5 /* SaveSystem.swift in Sources */,
			);
			runOnlyForDeploymentPostprocessing = 0;
		};
/* End PBXSourcesBuildPhase section */

/* Begin PBXVariantGroup section */
		BB9867FF23ABCD870058F6F8 /* Main.storyboard */ = {
			isa = PBXVariantGroup;
			children = (
				BB98680023ABCD870058F6F8 /* Base */,
			);
			name = Main.storyboard;
			sourceTree = "<group>";
		};
/* End PBXVariantGroup section */

/* Begin XCBuildConfiguration section */
		BB98680423ABCD870058F6F8 /* Debug */ = {
			isa = XCBuildConfiguration;
			buildSettings = {
				ALWAYS_SEARCH_USER_PATHS = NO;
				CLANG_ANALYZER_NONNULL = YES;
				CLANG_ANALYZER_NUMBER_OBJECT_CONVERSION = YES_AGGRESSIVE;
				CLANG_CXX_LANGUAGE_STANDARD = "gnu++14";
				CLANG_CXX_LIBRARY = "libc++";
				CLANG_ENABLE_MODULES = YES;
				CLANG_ENABLE_OBJC_ARC = YES;
				CLANG_ENABLE_OBJC_WEAK = YES;
				CLANG_WARN_BLOCK_CAPTURE_AUTORELEASING = YES;
				CLANG_WARN_BOOL_CONVERSION = YES;
				CLANG_WARN_COMMA = YES;
				CLANG_WARN_CONSTANT_CONVERSION = YES;
				CLANG_WARN_DEPRECATED_OBJC_IMPLEMENTATIONS = YES;
				CLANG_WARN_DIRECT_OBJC_ISA_USAGE = YES_ERROR;
				CLANG_WARN_DOCUMENTATION_COMMENTS = YES;
				CLANG_WARN_EMPTY_BODY = YES;
				CLANG_WARN_ENUM_CONVERSION = YES;
				CLANG_WARN_INFINITE_RECURSION = YES;
				CLANG_WARN_INT_CONVERSION = YES;
				CLANG_WARN_NON_LITERAL_NULL_CONVERSION = YES;
				CLANG_WARN_OBJC_IMPLICIT_RETAIN_SELF = YES;
				CLANG_WARN_OBJC_LITERAL_CONVERSION = YES;
				CLANG_WARN_OBJC_ROOT_CLASS = YES_ERROR;
				CLANG_WARN_RANGE_LOOP_ANALYSIS = YES;
				CLANG_WARN_STRICT_PROTOTYPES = YES;
				CLANG_WARN_SUSPICIOUS_MOVE = YES;
				CLANG_WARN_UNGUARDED_AVAILABILITY = YES_AGGRESSIVE;
				CLANG_WARN_UNREACHABLE_CODE = YES;
				CLANG_WARN__DUPLICATE_METHOD_MATCH = YES;
				COPY_PHASE_STRIP = NO;
				DEBUG_INFORMATION_FORMAT = dwarf;
				ENABLE_STRICT_OBJC_MSGSEND = YES;
				ENABLE_TESTABILITY = YES;
				GCC_C_LANGUAGE_STANDARD = gnu11;
				GCC_DYNAMIC_NO_PIC = NO;
				GCC_NO_COMMON_BLOCKS = YES;
				GCC_OPTIMIZATION_LEVEL = 0;
				GCC_PREPROCESSOR_DEFINITIONS = (
					"DEBUG=1",
					"$(inherited)",
				);
				GCC_WARN_64_TO_32_BIT_CONVERSION = YES;
				GCC_WARN_ABOUT_RETURN_TYPE = YES_ERROR;
				GCC_WARN_UNDECLARED_SELECTOR = YES;
				GCC_WARN_UNINITIALIZED_AUTOS = YES_AGGRESSIVE;
				GCC_WARN_UNUSED_FUNCTION = YES;
				GCC_WARN_UNUSED_VARIABLE = YES;
				MACOSX_DEPLOYMENT_TARGET = 10.11;
				MTL_ENABLE_DEBUG_INFO = INCLUDE_SOURCE;
				MTL_FAST_MATH = YES;
				ONLY_ACTIVE_ARCH = YES;
				SDKROOT = macosx;
				SWIFT_ACTIVE_COMPILATION_CONDITIONS = DEBUG;
				SWIFT_OPTIMIZATION_LEVEL = "-Onone";
			};
			name = Debug;
		};
		BB98680523ABCD870058F6F8 /* Release */ = {
			isa = XCBuildConfiguration;
			buildSettings = {
				ALWAYS_SEARCH_USER_PATHS = NO;
				CLANG_ANALYZER_NONNULL = YES;
				CLANG_ANALYZER_NUMBER_OBJECT_CONVERSION = YES_AGGRESSIVE;
				CLANG_CXX_LANGUAGE_STANDARD = "gnu++14";
				CLANG_CXX_LIBRARY = "libc++";
				CLANG_ENABLE_MODULES = YES;
				CLANG_ENABLE_OBJC_ARC = YES;
				CLANG_ENABLE_OBJC_WEAK = YES;
				CLANG_WARN_BLOCK_CAPTURE_AUTORELEASING = YES;
				CLANG_WARN_BOOL_CONVERSION = YES;
				CLANG_WARN_COMMA = YES;
				CLANG_WARN_CONSTANT_CONVERSION = YES;
				CLANG_WARN_DEPRECATED_OBJC_IMPLEMENTATIONS = YES;
				CLANG_WARN_DIRECT_OBJC_ISA_USAGE = YES_ERROR;
				CLANG_WARN_DOCUMENTATION_COMMENTS = YES;
				CLANG_WARN_EMPTY_BODY = YES;
				CLANG_WARN_ENUM_CONVERSION = YES;
				CLANG_WARN_INFINITE_RECURSION = YES;
				CLANG_WARN_INT_CONVERSION = YES;
				CLANG_WARN_NON_LITERAL_NULL_CONVERSION = YES;
				CLANG_WARN_OBJC_IMPLICIT_RETAIN_SELF = YES;
				CLANG_WARN_OBJC_LITERAL_CONVERSION = YES;
				CLANG_WARN_OBJC_ROOT_CLASS = YES_ERROR;
				CLANG_WARN_RANGE_LOOP_ANALYSIS = YES;
				CLANG_WARN_STRICT_PROTOTYPES = YES;
				CLANG_WARN_SUSPICIOUS_MOVE = YES;
				CLANG_WARN_UNGUARDED_AVAILABILITY = YES_AGGRESSIVE;
				CLANG_WARN_UNREACHABLE_CODE = YES;
				CLANG_WARN__DUPLICATE_METHOD_MATCH = YES;
				COPY_PHASE_STRIP = NO;
				DEBUG_INFORMATION_FORMAT = "dwarf-with-dsym";
				ENABLE_NS_ASSERTIONS = NO;
				ENABLE_STRICT_OBJC_MSGSEND = YES;
				GCC_C_LANGUAGE_STANDARD = gnu11;
				GCC_NO_COMMON_BLOCKS = YES;
				GCC_WARN_64_TO_32_BIT_CONVERSION = YES;
				GCC_WARN_ABOUT_RETURN_TYPE = YES_ERROR;
				GCC_WARN_UNDECLARED_SELECTOR = YES;
				GCC_WARN_UNINITIALIZED_AUTOS = YES_AGGRESSIVE;
				GCC_WARN_UNUSED_FUNCTION = YES;
				GCC_WARN_UNUSED_VARIABLE = YES;
				MACOSX_DEPLOYMENT_TARGET = 10.11;
				MTL_ENABLE_DEBUG_INFO = NO;
				MTL_FAST_MATH = YES;
				SDKROOT = macosx;
				SWIFT_COMPILATION_MODE = wholemodule;
				SWIFT_OPTIMIZATION_LEVEL = "-O";
			};
			name = Release;
		};
		BB98680723ABCD870058F6F8 /* Debug */ = {
			isa = XCBuildConfiguration;
			buildSettings = {
				ASSETCATALOG_COMPILER_APPICON_NAME = AppIcon;
				CODE_SIGN_ENTITLEMENTS = macNXLauncher/macNXLauncher.entitlements;
				CODE_SIGN_IDENTITY = "Apple Development";
				CODE_SIGN_STYLE = Automatic;
				COMBINE_HIDPI_IMAGES = YES;
				DEVELOPMENT_TEAM = B84L9KE88W;
				ENABLE_HARDENED_RUNTIME = YES;
				INFOPLIST_FILE = macNXLauncher/Info.plist;
				LD_RUNPATH_SEARCH_PATHS = (
					"$(inherited)",
					"@executable_path/../Frameworks",
				);
				PRODUCT_BUNDLE_IDENTIFIER = com.soloworks.macNXLauncher;
				PRODUCT_NAME = "$(TARGET_NAME)";
				SWIFT_VERSION = 5.0;
			};
			name = Debug;
		};
		BB98680823ABCD870058F6F8 /* Release */ = {
			isa = XCBuildConfiguration;
			buildSettings = {
				ASSETCATALOG_COMPILER_APPICON_NAME = AppIcon;
				CODE_SIGN_ENTITLEMENTS = macNXLauncher/macNXLauncher.entitlements;
				CODE_SIGN_IDENTITY = "Apple Development";
				CODE_SIGN_STYLE = Automatic;
				COMBINE_HIDPI_IMAGES = YES;
				DEVELOPMENT_TEAM = B84L9KE88W;
				ENABLE_HARDENED_RUNTIME = YES;
				INFOPLIST_FILE = macNXLauncher/Info.plist;
				LD_RUNPATH_SEARCH_PATHS = (
					"$(inherited)",
					"@executable_path/../Frameworks",
				);
				PRODUCT_BUNDLE_IDENTIFIER = com.soloworks.macNXLauncher;
				PRODUCT_NAME = "$(TARGET_NAME)";
				SWIFT_VERSION = 5.0;
			};
			name = Release;
		};
/* End XCBuildConfiguration section */

/* Begin XCConfigurationList section */
		BB9867F123ABCD860058F6F8 /* Build configuration list for PBXProject "macNXLauncher" */ = {
			isa = XCConfigurationList;
			buildConfigurations = (
				BB98680423ABCD870058F6F8 /* Debug */,
				BB98680523ABCD870058F6F8 /* Release */,
			);
			defaultConfigurationIsVisible = 0;
			defaultConfigurationName = Release;
		};
		BB98680623ABCD870058F6F8 /* Build configuration list for PBXNativeTarget "macNXLauncher" */ = {
			isa = XCConfigurationList;
			buildConfigurations = (
				BB98680723ABCD870058F6F8 /* Debug */,
				BB98680823ABCD870058F6F8 /* Release */,
			);
			defaultConfigurationIsVisible = 0;
			defaultConfigurationName = Release;
		};
/* End XCConfigurationList section */
	};
	rootObject = BB9867EE23ABCD860058F6F8 /* Project object */;
}
